// !$*UTF8*$!
{
	archiveVersion = 1;
	classes = {
	};
	objectVersion = 46;
	objects = {

/* Begin PBXBuildFile section */
		83013E2C1C018E190065B5C2 /* main.m in Sources */ = {isa = PBXBuildFile; fileRef = 83013E2B1C018E190065B5C2 /* main.m */; };
		83013E2F1C018E190065B5C2 /* AppDelegate.m in Sources */ = {isa = PBXBuildFile; fileRef = 83013E2E1C018E190065B5C2 /* AppDelegate.m */; };
		83013E371C018E190065B5C2 /* Images.xcassets in Resources */ = {isa = PBXBuildFile; fileRef = 83013E361C018E190065B5C2 /* Images.xcassets */; };
		83013E3A1C018E190065B5C2 /* LaunchScreen.xib in Resources */ = {isa = PBXBuildFile; fileRef = 83013E381C018E190065B5C2 /* LaunchScreen.xib */; };
		83013E461C018E190065B5C2 /* djiTests.m in Sources */ = {isa = PBXBuildFile; fileRef = 83013E451C018E190065B5C2 /* djiTests.m */; };
		83013E611C01D9F40065B5C2 /* UIKit.framework in Frameworks */ = {isa = PBXBuildFile; fileRef = 83013E601C01D9F40065B5C2 /* UIKit.framework */; };
		83013E631C01D9FB0065B5C2 /* Foundation.framework in Frameworks */ = {isa = PBXBuildFile; fileRef = 83013E621C01D9FB0065B5C2 /* Foundation.framework */; };
		83013E651C01DAA30065B5C2 /* QuartzCore.framework in Frameworks */ = {isa = PBXBuildFile; fileRef = 83013E641C01DAA30065B5C2 /* QuartzCore.framework */; };
		83013E661C01DABD0065B5C2 /* MAMapKit.framework in Frameworks */ = {isa = PBXBuildFile; fileRef = 83013E531C01D77B0065B5C2 /* MAMapKit.framework */; };
		83013E671C01DAED0065B5C2 /* CoreLocation.framework in Frameworks */ = {isa = PBXBuildFile; fileRef = 83013E5B1C01D94C0065B5C2 /* CoreLocation.framework */; };
		83013E691C01DB180065B5C2 /* CoreGraphics.framework in Frameworks */ = {isa = PBXBuildFile; fileRef = 83013E681C01DB180065B5C2 /* CoreGraphics.framework */; };
		83013E6B1C01DB550065B5C2 /* libz.dylib in Frameworks */ = {isa = PBXBuildFile; fileRef = 83013E6A1C01DB550065B5C2 /* libz.dylib */; };
		83013E6D1C01DB680065B5C2 /* libstdc++.6.0.9.dylib in Frameworks */ = {isa = PBXBuildFile; fileRef = 83013E6C1C01DB680065B5C2 /* libstdc++.6.0.9.dylib */; };
		83013E6F1C01DB780065B5C2 /* libicucore.dylib in Frameworks */ = {isa = PBXBuildFile; fileRef = 83013E6E1C01DB780065B5C2 /* libicucore.dylib */; };
		83013E711C01DB9B0065B5C2 /* OpenGLES.framework in Frameworks */ = {isa = PBXBuildFile; fileRef = 83013E701C01DB9B0065B5C2 /* OpenGLES.framework */; };
		83013E731C01DBE90065B5C2 /* SystemConfiguration.framework in Frameworks */ = {isa = PBXBuildFile; fileRef = 83013E721C01DBE90065B5C2 /* SystemConfiguration.framework */; };
		83013E751C01DC120065B5C2 /* Security.framework in Frameworks */ = {isa = PBXBuildFile; fileRef = 83013E741C01DC120065B5C2 /* Security.framework */; };
		83013E771C01DC5C0065B5C2 /* CoreTelephony.framework in Frameworks */ = {isa = PBXBuildFile; fileRef = 83013E761C01DC5C0065B5C2 /* CoreTelephony.framework */; };
		83013E7D1C01E7E50065B5C2 /* MainViewController.m in Sources */ = {isa = PBXBuildFile; fileRef = 83013E7B1C01E7E50065B5C2 /* MainViewController.m */; };
		83013E7E1C01E7E50065B5C2 /* MainViewController.xib in Resources */ = {isa = PBXBuildFile; fileRef = 83013E7C1C01E7E50065B5C2 /* MainViewController.xib */; };
		83013E871C0333640065B5C2 /* AMap.bundle in Resources */ = {isa = PBXBuildFile; fileRef = 83013E861C0333640065B5C2 /* AMap.bundle */; };
		83465EF11C0377950039C86C /* libWeChatSDK.a in Frameworks */ = {isa = PBXBuildFile; fileRef = 83013E551C01D7930065B5C2 /* libWeChatSDK.a */; };
		83465EF21C0377A30039C86C /* libPushSDK-1.8.3.a in Frameworks */ = {isa = PBXBuildFile; fileRef = 83013E571C01D7A20065B5C2 /* libPushSDK-1.8.3.a */; };
		83465EF31C0377B50039C86C /* SMS_SDK.framework in Frameworks */ = {isa = PBXBuildFile; fileRef = 83013E591C01D7C00065B5C2 /* SMS_SDK.framework */; };
		83465EF51C04A79C0039C86C /* libstream.a in Frameworks */ = {isa = PBXBuildFile; fileRef = 83465EF41C04A79C0039C86C /* libstream.a */; };
		83465EF81C04A7B40039C86C /* LiveViewController.m in Sources */ = {isa = PBXBuildFile; fileRef = 83465EF71C04A7B40039C86C /* LiveViewController.m */; };
		83465EFD1C04B1880039C86C /* SocketViewController.m in Sources */ = {isa = PBXBuildFile; fileRef = 83465EFB1C04B1880039C86C /* SocketViewController.m */; };
		83465EFE1C04B1880039C86C /* SocketViewController.xib in Resources */ = {isa = PBXBuildFile; fileRef = 83465EFC1C04B1880039C86C /* SocketViewController.xib */; };
		83465F011C04B4DC0039C86C /* AsyncSocket.m in Sources */ = {isa = PBXBuildFile; fileRef = 83465F001C04B4DC0039C86C /* AsyncSocket.m */; };
		83465F031C04BC6E0039C86C /* AVFoundation.framework in Frameworks */ = {isa = PBXBuildFile; fileRef = 83465F021C04BC6E0039C86C /* AVFoundation.framework */; };
		83465F051C04BC8E0039C86C /* CoreAudio.framework in Frameworks */ = {isa = PBXBuildFile; fileRef = 83465F041C04BC8E0039C86C /* CoreAudio.framework */; };
		83465F071C04BC970039C86C /* CoreVideo.framework in Frameworks */ = {isa = PBXBuildFile; fileRef = 83465F061C04BC970039C86C /* CoreVideo.framework */; };
		83465F091C04BC9F0039C86C /* CoreMedia.framework in Frameworks */ = {isa = PBXBuildFile; fileRef = 83465F081C04BC9F0039C86C /* CoreMedia.framework */; };
		83465F0B1C04BCB60039C86C /* MediaPlayer.framework in Frameworks */ = {isa = PBXBuildFile; fileRef = 83465F0A1C04BCB60039C86C /* MediaPlayer.framework */; };
		83465F0D1C04BCBC0039C86C /* OpenAL.framework in Frameworks */ = {isa = PBXBuildFile; fileRef = 83465F0C1C04BCBC0039C86C /* OpenAL.framework */; };
		83465F0F1C04BCD50039C86C /* AudioToolbox.framework in Frameworks */ = {isa = PBXBuildFile; fileRef = 83465F0E1C04BCD50039C86C /* AudioToolbox.framework */; };
/* End PBXBuildFile section */

/* Begin PBXContainerItemProxy section */
		83013E401C018E190065B5C2 /* PBXContainerItemProxy */ = {
			isa = PBXContainerItemProxy;
			containerPortal = 83013E1E1C018E190065B5C2 /* Project object */;
			proxyType = 1;
			remoteGlobalIDString = 83013E251C018E190065B5C2;
			remoteInfo = dji;
		};
/* End PBXContainerItemProxy section */

/* Begin PBXFileReference section */
		83013E261C018E190065B5C2 /* dji.app */ = {isa = PBXFileReference; explicitFileType = wrapper.application; includeInIndex = 0; path = dji.app; sourceTree = BUILT_PRODUCTS_DIR; };
		83013E2A1C018E190065B5C2 /* Info.plist */ = {isa = PBXFileReference; lastKnownFileType = text.plist.xml; path = Info.plist; sourceTree = "<group>"; };
		83013E2B1C018E190065B5C2 /* main.m */ = {isa = PBXFileReference; lastKnownFileType = sourcecode.c.objc; path = main.m; sourceTree = "<group>"; };
		83013E2D1C018E190065B5C2 /* AppDelegate.h */ = {isa = PBXFileReference; lastKnownFileType = sourcecode.c.h; path = AppDelegate.h; sourceTree = "<group>"; };
		83013E2E1C018E190065B5C2 /* AppDelegate.m */ = {isa = PBXFileReference; lastKnownFileType = sourcecode.c.objc; path = AppDelegate.m; sourceTree = "<group>"; };
		83013E361C018E190065B5C2 /* Images.xcassets */ = {isa = PBXFileReference; lastKnownFileType = folder.assetcatalog; path = Images.xcassets; sourceTree = "<group>"; };
		83013E391C018E190065B5C2 /* Base */ = {isa = PBXFileReference; lastKnownFileType = file.xib; name = Base; path = Base.lproj/LaunchScreen.xib; sourceTree = "<group>"; };
		83013E3F1C018E190065B5C2 /* djiTests.xctest */ = {isa = PBXFileReference; explicitFileType = wrapper.cfbundle; includeInIndex = 0; path = djiTests.xctest; sourceTree = BUILT_PRODUCTS_DIR; };
		83013E441C018E190065B5C2 /* Info.plist */ = {isa = PBXFileReference; lastKnownFileType = text.plist.xml; path = Info.plist; sourceTree = "<group>"; };
		83013E451C018E190065B5C2 /* djiTests.m */ = {isa = PBXFileReference; lastKnownFileType = sourcecode.c.objc; path = djiTests.m; sourceTree = "<group>"; };
		83013E531C01D77B0065B5C2 /* MAMapKit.framework */ = {isa = PBXFileReference; lastKnownFileType = wrapper.framework; name = MAMapKit.framework; path = dji/Framework/Mamap/MAMapKit.framework; sourceTree = "<group>"; };
		83013E551C01D7930065B5C2 /* libWeChatSDK.a */ = {isa = PBXFileReference; lastKnownFileType = archive.ar; name = libWeChatSDK.a; path = dji/Framework/WechatShare/libWeChatSDK.a; sourceTree = "<group>"; };
		83013E571C01D7A20065B5C2 /* libPushSDK-1.8.3.a */ = {isa = PBXFileReference; lastKnownFileType = archive.ar; name = "libPushSDK-1.8.3.a"; path = "dji/Framework/JPush/libPushSDK-1.8.3.a"; sourceTree = "<group>"; };
		83013E591C01D7C00065B5C2 /* SMS_SDK.framework */ = {isa = PBXFileReference; lastKnownFileType = wrapper.framework; name = SMS_SDK.framework; path = dji/Framework/Sms/SMS_SDK.framework; sourceTree = "<group>"; };
		83013E5B1C01D94C0065B5C2 /* CoreLocation.framework */ = {isa = PBXFileReference; lastKnownFileType = wrapper.framework; name = CoreLocation.framework; path = System/Library/Frameworks/CoreLocation.framework; sourceTree = SDKROOT; };
		83013E5D1C01D9710065B5C2 /* CoreFoundation.framework */ = {isa = PBXFileReference; lastKnownFileType = wrapper.framework; name = CoreFoundation.framework; path = System/Library/Frameworks/CoreFoundation.framework; sourceTree = SDKROOT; };
		83013E601C01D9F40065B5C2 /* UIKit.framework */ = {isa = PBXFileReference; lastKnownFileType = wrapper.framework; name = UIKit.framework; path = System/Library/Frameworks/UIKit.framework; sourceTree = SDKROOT; };
		83013E621C01D9FB0065B5C2 /* Foundation.framework */ = {isa = PBXFileReference; lastKnownFileType = wrapper.framework; name = Foundation.framework; path = System/Library/Frameworks/Foundation.framework; sourceTree = SDKROOT; };
		83013E641C01DAA30065B5C2 /* QuartzCore.framework */ = {isa = PBXFileReference; lastKnownFileType = wrapper.framework; name = QuartzCore.framework; path = System/Library/Frameworks/QuartzCore.framework; sourceTree = SDKROOT; };
		83013E681C01DB180065B5C2 /* CoreGraphics.framework */ = {isa = PBXFileReference; lastKnownFileType = wrapper.framework; name = CoreGraphics.framework; path = System/Library/Frameworks/CoreGraphics.framework; sourceTree = SDKROOT; };
		83013E6A1C01DB550065B5C2 /* libz.dylib */ = {isa = PBXFileReference; lastKnownFileType = "compiled.mach-o.dylib"; name = libz.dylib; path = usr/lib/libz.dylib; sourceTree = SDKROOT; };
		83013E6C1C01DB680065B5C2 /* libstdc++.6.0.9.dylib */ = {isa = PBXFileReference; lastKnownFileType = "compiled.mach-o.dylib"; name = "libstdc++.6.0.9.dylib"; path = "usr/lib/libstdc++.6.0.9.dylib"; sourceTree = SDKROOT; };
		83013E6E1C01DB780065B5C2 /* libicucore.dylib */ = {isa = PBXFileReference; lastKnownFileType = "compiled.mach-o.dylib"; name = libicucore.dylib; path = usr/lib/libicucore.dylib; sourceTree = SDKROOT; };
		83013E701C01DB9B0065B5C2 /* OpenGLES.framework */ = {isa = PBXFileReference; lastKnownFileType = wrapper.framework; name = OpenGLES.framework; path = System/Library/Frameworks/OpenGLES.framework; sourceTree = SDKROOT; };
		83013E721C01DBE90065B5C2 /* SystemConfiguration.framework */ = {isa = PBXFileReference; lastKnownFileType = wrapper.framework; name = SystemConfiguration.framework; path = System/Library/Frameworks/SystemConfiguration.framework; sourceTree = SDKROOT; };
		83013E741C01DC120065B5C2 /* Security.framework */ = {isa = PBXFileReference; lastKnownFileType = wrapper.framework; name = Security.framework; path = System/Library/Frameworks/Security.framework; sourceTree = SDKROOT; };
		83013E761C01DC5C0065B5C2 /* CoreTelephony.framework */ = {isa = PBXFileReference; lastKnownFileType = wrapper.framework; name = CoreTelephony.framework; path = System/Library/Frameworks/CoreTelephony.framework; sourceTree = SDKROOT; };
		83013E7A1C01E7E50065B5C2 /* MainViewController.h */ = {isa = PBXFileReference; fileEncoding = 4; lastKnownFileType = sourcecode.c.h; name = MainViewController.h; path = ViewController/MainViewController.h; sourceTree = "<group>"; };
		83013E7B1C01E7E50065B5C2 /* MainViewController.m */ = {isa = PBXFileReference; fileEncoding = 4; lastKnownFileType = sourcecode.c.objc; name = MainViewController.m; path = ViewController/MainViewController.m; sourceTree = "<group>"; };
		83013E7C1C01E7E50065B5C2 /* MainViewController.xib */ = {isa = PBXFileReference; fileEncoding = 4; lastKnownFileType = file.xib; name = MainViewController.xib; path = ViewController/MainViewController.xib; sourceTree = "<group>"; };
		83013E821C01ED260065B5C2 /* config.h */ = {isa = PBXFileReference; fileEncoding = 4; lastKnownFileType = sourcecode.c.h; name = config.h; path = Model/config.h; sourceTree = "<group>"; };
		83013E861C0333640065B5C2 /* AMap.bundle */ = {isa = PBXFileReference; lastKnownFileType = "wrapper.plug-in"; name = AMap.bundle; path = dji/Framework/Mamap/MAMapKit.framework/Versions/2.5.1.174fe76.60159/Resources/AMap.bundle; sourceTree = "<group>"; };
		83465EF41C04A79C0039C86C /* libstream.a */ = {isa = PBXFileReference; lastKnownFileType = archive.ar; name = libstream.a; path = dji/Framework/RTSP/libstream.a; sourceTree = "<group>"; };
		83465EF61C04A7B40039C86C /* LiveViewController.h */ = {isa = PBXFileReference; fileEncoding = 4; lastKnownFileType = sourcecode.c.h; name = LiveViewController.h; path = ViewController/LiveViewController.h; sourceTree = "<group>"; };
		83465EF71C04A7B40039C86C /* LiveViewController.m */ = {isa = PBXFileReference; fileEncoding = 4; lastKnownFileType = sourcecode.c.objc; name = LiveViewController.m; path = ViewController/LiveViewController.m; sourceTree = "<group>"; };
		83465EF91C04A84E0039C86C /* LiveStream.h */ = {isa = PBXFileReference; fileEncoding = 4; lastKnownFileType = sourcecode.c.h; name = LiveStream.h; path = Framework/RTSP/LiveStream.h; sourceTree = "<group>"; };
		83465EFA1C04B1880039C86C /* SocketViewController.h */ = {isa = PBXFileReference; fileEncoding = 4; lastKnownFileType = sourcecode.c.h; name = SocketViewController.h; path = ViewController/SocketViewController.h; sourceTree = "<group>"; };
		83465EFB1C04B1880039C86C /* SocketViewController.m */ = {isa = PBXFileReference; fileEncoding = 4; lastKnownFileType = sourcecode.c.objc; name = SocketViewController.m; path = ViewController/SocketViewController.m; sourceTree = "<group>"; };
		83465EFC1C04B1880039C86C /* SocketViewController.xib */ = {isa = PBXFileReference; fileEncoding = 4; lastKnownFileType = file.xib; name = SocketViewController.xib; path = ViewController/SocketViewController.xib; sourceTree = "<group>"; };
		83465EFF1C04B4DC0039C86C /* AsyncSocket.h */ = {isa = PBXFileReference; fileEncoding = 4; lastKnownFileType = sourcecode.c.h; name = AsyncSocket.h; path = Model/AsyncSocket.h; sourceTree = "<group>"; };
		83465F001C04B4DC0039C86C /* AsyncSocket.m */ = {isa = PBXFileReference; fileEncoding = 4; lastKnownFileType = sourcecode.c.objc; name = AsyncSocket.m; path = Model/AsyncSocket.m; sourceTree = "<group>"; };
		83465F021C04BC6E0039C86C /* AVFoundation.framework */ = {isa = PBXFileReference; lastKnownFileType = wrapper.framework; name = AVFoundation.framework; path = System/Library/Frameworks/AVFoundation.framework; sourceTree = SDKROOT; };
		83465F041C04BC8E0039C86C /* CoreAudio.framework */ = {isa = PBXFileReference; lastKnownFileType = wrapper.framework; name = CoreAudio.framework; path = System/Library/Frameworks/CoreAudio.framework; sourceTree = SDKROOT; };
		83465F061C04BC970039C86C /* CoreVideo.framework */ = {isa = PBXFileReference; lastKnownFileType = wrapper.framework; name = CoreVideo.framework; path = System/Library/Frameworks/CoreVideo.framework; sourceTree = SDKROOT; };
		83465F081C04BC9F0039C86C /* CoreMedia.framework */ = {isa = PBXFileReference; lastKnownFileType = wrapper.framework; name = CoreMedia.framework; path = System/Library/Frameworks/CoreMedia.framework; sourceTree = SDKROOT; };
		83465F0A1C04BCB60039C86C /* MediaPlayer.framework */ = {isa = PBXFileReference; lastKnownFileType = wrapper.framework; name = MediaPlayer.framework; path = System/Library/Frameworks/MediaPlayer.framework; sourceTree = SDKROOT; };
		83465F0C1C04BCBC0039C86C /* OpenAL.framework */ = {isa = PBXFileReference; lastKnownFileType = wrapper.framework; name = OpenAL.framework; path = System/Library/Frameworks/OpenAL.framework; sourceTree = SDKROOT; };
		83465F0E1C04BCD50039C86C /* AudioToolbox.framework */ = {isa = PBXFileReference; lastKnownFileType = wrapper.framework; name = AudioToolbox.framework; path = System/Library/Frameworks/AudioToolbox.framework; sourceTree = SDKROOT; };
/* End PBXFileReference section */

/* Begin PBXFrameworksBuildPhase section */
		83013E231C018E190065B5C2 /* Frameworks */ = {
			isa = PBXFrameworksBuildPhase;
			buildActionMask = 2147483647;
			files = (
				83465F0F1C04BCD50039C86C /* AudioToolbox.framework in Frameworks */,
				83465F0D1C04BCBC0039C86C /* OpenAL.framework in Frameworks */,
				83465F0B1C04BCB60039C86C /* MediaPlayer.framework in Frameworks */,
				83465F091C04BC9F0039C86C /* CoreMedia.framework in Frameworks */,
				83465F071C04BC970039C86C /* CoreVideo.framework in Frameworks */,
				83465F051C04BC8E0039C86C /* CoreAudio.framework in Frameworks */,
				83465F031C04BC6E0039C86C /* AVFoundation.framework in Frameworks */,
				83465EF51C04A79C0039C86C /* libstream.a in Frameworks */,
				83465EF31C0377B50039C86C /* SMS_SDK.framework in Frameworks */,
				83465EF21C0377A30039C86C /* libPushSDK-1.8.3.a in Frameworks */,
				83465EF11C0377950039C86C /* libWeChatSDK.a in Frameworks */,
				83013E771C01DC5C0065B5C2 /* CoreTelephony.framework in Frameworks */,
				83013E751C01DC120065B5C2 /* Security.framework in Frameworks */,
				83013E731C01DBE90065B5C2 /* SystemConfiguration.framework in Frameworks */,
				83013E711C01DB9B0065B5C2 /* OpenGLES.framework in Frameworks */,
				83013E6F1C01DB780065B5C2 /* libicucore.dylib in Frameworks */,
				83013E6D1C01DB680065B5C2 /* libstdc++.6.0.9.dylib in Frameworks */,
				83013E6B1C01DB550065B5C2 /* libz.dylib in Frameworks */,
				83013E691C01DB180065B5C2 /* CoreGraphics.framework in Frameworks */,
				83013E671C01DAED0065B5C2 /* CoreLocation.framework in Frameworks */,
				83013E661C01DABD0065B5C2 /* MAMapKit.framework in Frameworks */,
				83013E651C01DAA30065B5C2 /* QuartzCore.framework in Frameworks */,
				83013E631C01D9FB0065B5C2 /* Foundation.framework in Frameworks */,
				83013E611C01D9F40065B5C2 /* UIKit.framework in Frameworks */,
			);
			runOnlyForDeploymentPostprocessing = 0;
		};
		83013E3C1C018E190065B5C2 /* Frameworks */ = {
			isa = PBXFrameworksBuildPhase;
			buildActionMask = 2147483647;
			files = (
			);
			runOnlyForDeploymentPostprocessing = 0;
		};
/* End PBXFrameworksBuildPhase section */

/* Begin PBXGroup section */
		83013E1D1C018E190065B5C2 = {
			isa = PBXGroup;
			children = (
				83465F0E1C04BCD50039C86C /* AudioToolbox.framework */,
				83465F0C1C04BCBC0039C86C /* OpenAL.framework */,
				83465F0A1C04BCB60039C86C /* MediaPlayer.framework */,
				83465F081C04BC9F0039C86C /* CoreMedia.framework */,
				83465F061C04BC970039C86C /* CoreVideo.framework */,
				83465F041C04BC8E0039C86C /* CoreAudio.framework */,
				83465F021C04BC6E0039C86C /* AVFoundation.framework */,
				83465EF41C04A79C0039C86C /* libstream.a */,
				83013E861C0333640065B5C2 /* AMap.bundle */,
				83013E5F1C01D98B0065B5C2 /* frameworks */,
				83013E281C018E190065B5C2 /* dji */,
				83013E421C018E190065B5C2 /* djiTests */,
				83013E271C018E190065B5C2 /* Products */,
			);
			sourceTree = "<group>";
		};
		83013E271C018E190065B5C2 /* Products */ = {
			isa = PBXGroup;
			children = (
				83013E261C018E190065B5C2 /* dji.app */,
				83013E3F1C018E190065B5C2 /* djiTests.xctest */,
			);
			name = Products;
			sourceTree = "<group>";
		};
		83013E281C018E190065B5C2 /* dji */ = {
			isa = PBXGroup;
			children = (
				83013E791C01E7B10065B5C2 /* Model */,
				83013E781C01E7A80065B5C2 /* ViewController */,
				83013E2D1C018E190065B5C2 /* AppDelegate.h */,
				83013E2E1C018E190065B5C2 /* AppDelegate.m */,
				83013E361C018E190065B5C2 /* Images.xcassets */,
				83013E381C018E190065B5C2 /* LaunchScreen.xib */,
				83013E291C018E190065B5C2 /* Supporting Files */,
			);
			path = dji;
			sourceTree = "<group>";
		};
		83013E291C018E190065B5C2 /* Supporting Files */ = {
			isa = PBXGroup;
			children = (
				83013E2A1C018E190065B5C2 /* Info.plist */,
				83013E2B1C018E190065B5C2 /* main.m */,
			);
			name = "Supporting Files";
			sourceTree = "<group>";
		};
		83013E421C018E190065B5C2 /* djiTests */ = {
			isa = PBXGroup;
			children = (
				83013E451C018E190065B5C2 /* djiTests.m */,
				83013E431C018E190065B5C2 /* Supporting Files */,
			);
			path = djiTests;
			sourceTree = "<group>";
		};
		83013E431C018E190065B5C2 /* Supporting Files */ = {
			isa = PBXGroup;
			children = (
				83013E441C018E190065B5C2 /* Info.plist */,
			);
			name = "Supporting Files";
			sourceTree = "<group>";
		};
		83013E5F1C01D98B0065B5C2 /* frameworks */ = {
			isa = PBXGroup;
			children = (
				83013E761C01DC5C0065B5C2 /* CoreTelephony.framework */,
				83013E741C01DC120065B5C2 /* Security.framework */,
				83013E721C01DBE90065B5C2 /* SystemConfiguration.framework */,
				83013E701C01DB9B0065B5C2 /* OpenGLES.framework */,
				83013E6E1C01DB780065B5C2 /* libicucore.dylib */,
				83013E6C1C01DB680065B5C2 /* libstdc++.6.0.9.dylib */,
				83013E6A1C01DB550065B5C2 /* libz.dylib */,
				83013E681C01DB180065B5C2 /* CoreGraphics.framework */,
				83013E641C01DAA30065B5C2 /* QuartzCore.framework */,
				83013E621C01D9FB0065B5C2 /* Foundation.framework */,
				83013E601C01D9F40065B5C2 /* UIKit.framework */,
				83013E5D1C01D9710065B5C2 /* CoreFoundation.framework */,
				83013E5B1C01D94C0065B5C2 /* CoreLocation.framework */,
				83013E591C01D7C00065B5C2 /* SMS_SDK.framework */,
				83013E571C01D7A20065B5C2 /* libPushSDK-1.8.3.a */,
				83013E551C01D7930065B5C2 /* libWeChatSDK.a */,
				83013E531C01D77B0065B5C2 /* MAMapKit.framework */,
			);
			name = frameworks;
			sourceTree = "<group>";
		};
		83013E781C01E7A80065B5C2 /* ViewController */ = {
			isa = PBXGroup;
			children = (
				83465EF91C04A84E0039C86C /* LiveStream.h */,
				83465EF61C04A7B40039C86C /* LiveViewController.h */,
				83465EF71C04A7B40039C86C /* LiveViewController.m */,
				83013E7A1C01E7E50065B5C2 /* MainViewController.h */,
				83013E7B1C01E7E50065B5C2 /* MainViewController.m */,
				83013E7C1C01E7E50065B5C2 /* MainViewController.xib */,
				83465EFA1C04B1880039C86C /* SocketViewController.h */,
				83465EFB1C04B1880039C86C /* SocketViewController.m */,
				83465EFC1C04B1880039C86C /* SocketViewController.xib */,
			);
			name = ViewController;
			sourceTree = "<group>";
		};
		83013E791C01E7B10065B5C2 /* Model */ = {
			isa = PBXGroup;
			children = (
				83465EFF1C04B4DC0039C86C /* AsyncSocket.h */,
				83465F001C04B4DC0039C86C /* AsyncSocket.m */,
				83013E821C01ED260065B5C2 /* config.h */,
			);
			name = Model;
			sourceTree = "<group>";
		};
/* End PBXGroup section */

/* Begin PBXNativeTarget section */
		83013E251C018E190065B5C2 /* dji */ = {
			isa = PBXNativeTarget;
			buildConfigurationList = 83013E491C018E190065B5C2 /* Build configuration list for PBXNativeTarget "dji" */;
			buildPhases = (
				83013E221C018E190065B5C2 /* Sources */,
				83013E231C018E190065B5C2 /* Frameworks */,
				83013E241C018E190065B5C2 /* Resources */,
			);
			buildRules = (
			);
			dependencies = (
			);
			name = dji;
			productName = dji;
			productReference = 83013E261C018E190065B5C2 /* dji.app */;
			productType = "com.apple.product-type.application";
		};
		83013E3E1C018E190065B5C2 /* djiTests */ = {
			isa = PBXNativeTarget;
			buildConfigurationList = 83013E4C1C018E190065B5C2 /* Build configuration list for PBXNativeTarget "djiTests" */;
			buildPhases = (
				83013E3B1C018E190065B5C2 /* Sources */,
				83013E3C1C018E190065B5C2 /* Frameworks */,
				83013E3D1C018E190065B5C2 /* Resources */,
			);
			buildRules = (
			);
			dependencies = (
				83013E411C018E190065B5C2 /* PBXTargetDependency */,
			);
			name = djiTests;
			productName = djiTests;
			productReference = 83013E3F1C018E190065B5C2 /* djiTests.xctest */;
			productType = "com.apple.product-type.bundle.unit-test";
		};
/* End PBXNativeTarget section */

/* Begin PBXProject section */
		83013E1E1C018E190065B5C2 /* Project object */ = {
			isa = PBXProject;
			attributes = {
				LastUpgradeCheck = 0710;
				ORGANIZATIONNAME = "张志阳";
				TargetAttributes = {
					83013E251C018E190065B5C2 = {
						CreatedOnToolsVersion = 6.4;
						DevelopmentTeam = 3A3Q6559K4;
						SystemCapabilities = {
							com.apple.BackgroundModes = {
								enabled = 1;
							};
						};
					};
					83013E3E1C018E190065B5C2 = {
						CreatedOnToolsVersion = 6.4;
						TestTargetID = 83013E251C018E190065B5C2;
					};
				};
			};
			buildConfigurationList = 83013E211C018E190065B5C2 /* Build configuration list for PBXProject "dji" */;
			compatibilityVersion = "Xcode 3.2";
			developmentRegion = English;
			hasScannedForEncodings = 0;
			knownRegions = (
				en,
				Base,
			);
			mainGroup = 83013E1D1C018E190065B5C2;
			productRefGroup = 83013E271C018E190065B5C2 /* Products */;
			projectDirPath = "";
			projectRoot = "";
			targets = (
				83013E251C018E190065B5C2 /* dji */,
				83013E3E1C018E190065B5C2 /* djiTests */,
			);
		};
/* End PBXProject section */

/* Begin PBXResourcesBuildPhase section */
		83013E241C018E190065B5C2 /* Resources */ = {
			isa = PBXResourcesBuildPhase;
			buildActionMask = 2147483647;
			files = (
				83013E3A1C018E190065B5C2 /* LaunchScreen.xib in Resources */,
				83013E7E1C01E7E50065B5C2 /* MainViewController.xib in Resources */,
				83013E871C0333640065B5C2 /* AMap.bundle in Resources */,
				83013E371C018E190065B5C2 /* Images.xcassets in Resources */,
				83465EFE1C04B1880039C86C /* SocketViewController.xib in Resources */,
			);
			runOnlyForDeploymentPostprocessing = 0;
		};
		83013E3D1C018E190065B5C2 /* Resources */ = {
			isa = PBXResourcesBuildPhase;
			buildActionMask = 2147483647;
			files = (
			);
			runOnlyForDeploymentPostprocessing = 0;
		};
/* End PBXResourcesBuildPhase section */

/* Begin PBXSourcesBuildPhase section */
		83013E221C018E190065B5C2 /* Sources */ = {
			isa = PBXSourcesBuildPhase;
			buildActionMask = 2147483647;
			files = (
				83465EFD1C04B1880039C86C /* SocketViewController.m in Sources */,
				83013E2F1C018E190065B5C2 /* AppDelegate.m in Sources */,
				83013E7D1C01E7E50065B5C2 /* MainViewController.m in Sources */,
				83465F011C04B4DC0039C86C /* AsyncSocket.m in Sources */,
				83465EF81C04A7B40039C86C /* LiveViewController.m in Sources */,
				83013E2C1C018E190065B5C2 /* main.m in Sources */,
			);
			runOnlyForDeploymentPostprocessing = 0;
		};
		83013E3B1C018E190065B5C2 /* Sources */ = {
			isa = PBXSourcesBuildPhase;
			buildActionMask = 2147483647;
			files = (
				83013E461C018E190065B5C2 /* djiTests.m in Sources */,
			);
			runOnlyForDeploymentPostprocessing = 0;
		};
/* End PBXSourcesBuildPhase section */

/* Begin PBXTargetDependency section */
		83013E411C018E190065B5C2 /* PBXTargetDependency */ = {
			isa = PBXTargetDependency;
			target = 83013E251C018E190065B5C2 /* dji */;
			targetProxy = 83013E401C018E190065B5C2 /* PBXContainerItemProxy */;
		};
/* End PBXTargetDependency section */

/* Begin PBXVariantGroup section */
		83013E381C018E190065B5C2 /* LaunchScreen.xib */ = {
			isa = PBXVariantGroup;
			children = (
				83013E391C018E190065B5C2 /* Base */,
			);
			name = LaunchScreen.xib;
			sourceTree = "<group>";
		};
/* End PBXVariantGroup section */

/* Begin XCBuildConfiguration section */
		83013E471C018E190065B5C2 /* Debug */ = {
			isa = XCBuildConfiguration;
			buildSettings = {
				ALWAYS_SEARCH_USER_PATHS = NO;
				CLANG_CXX_LANGUAGE_STANDARD = "gnu++0x";
				CLANG_CXX_LIBRARY = "libc++";
				CLANG_ENABLE_MODULES = YES;
				CLANG_ENABLE_OBJC_ARC = YES;
				CLANG_WARN_BOOL_CONVERSION = YES;
				CLANG_WARN_CONSTANT_CONVERSION = YES;
				CLANG_WARN_DIRECT_OBJC_ISA_USAGE = YES_ERROR;
				CLANG_WARN_EMPTY_BODY = YES;
				CLANG_WARN_ENUM_CONVERSION = YES;
				CLANG_WARN_INT_CONVERSION = YES;
				CLANG_WARN_OBJC_ROOT_CLASS = YES_ERROR;
				CLANG_WARN_UNREACHABLE_CODE = YES;
				CLANG_WARN__DUPLICATE_METHOD_MATCH = YES;
				"CODE_SIGN_IDENTITY[sdk=iphoneos*]" = "iPhone Developer";
				COPY_PHASE_STRIP = NO;
				DEBUG_INFORMATION_FORMAT = "dwarf-with-dsym";
				ENABLE_BITCODE = NO;
				ENABLE_STRICT_OBJC_MSGSEND = YES;
				ENABLE_TESTABILITY = YES;
				GCC_C_LANGUAGE_STANDARD = gnu99;
				GCC_DYNAMIC_NO_PIC = NO;
				GCC_NO_COMMON_BLOCKS = YES;
				GCC_OPTIMIZATION_LEVEL = 0;
				GCC_PREPROCESSOR_DEFINITIONS = (
					"DEBUG=1",
					"$(inherited)",
				);
				GCC_SYMBOLS_PRIVATE_EXTERN = NO;
				GCC_WARN_64_TO_32_BIT_CONVERSION = YES;
				GCC_WARN_ABOUT_RETURN_TYPE = YES_ERROR;
				GCC_WARN_UNDECLARED_SELECTOR = YES;
				GCC_WARN_UNINITIALIZED_AUTOS = YES_AGGRESSIVE;
				GCC_WARN_UNUSED_FUNCTION = YES;
				GCC_WARN_UNUSED_VARIABLE = YES;
				IPHONEOS_DEPLOYMENT_TARGET = 8.4;
				MTL_ENABLE_DEBUG_INFO = YES;
				ONLY_ACTIVE_ARCH = NO;
				SDKROOT = iphoneos;
				VALID_ARCHS = armv7;
			};
			name = Debug;
		};
		83013E481C018E190065B5C2 /* Release */ = {
			isa = XCBuildConfiguration;
			buildSettings = {
				ALWAYS_SEARCH_USER_PATHS = NO;
				CLANG_CXX_LANGUAGE_STANDARD = "gnu++0x";
				CLANG_CXX_LIBRARY = "libc++";
				CLANG_ENABLE_MODULES = YES;
				CLANG_ENABLE_OBJC_ARC = YES;
				CLANG_WARN_BOOL_CONVERSION = YES;
				CLANG_WARN_CONSTANT_CONVERSION = YES;
				CLANG_WARN_DIRECT_OBJC_ISA_USAGE = YES_ERROR;
				CLANG_WARN_EMPTY_BODY = YES;
				CLANG_WARN_ENUM_CONVERSION = YES;
				CLANG_WARN_INT_CONVERSION = YES;
				CLANG_WARN_OBJC_ROOT_CLASS = YES_ERROR;
				CLANG_WARN_UNREACHABLE_CODE = YES;
				CLANG_WARN__DUPLICATE_METHOD_MATCH = YES;
				"CODE_SIGN_IDENTITY[sdk=iphoneos*]" = "iPhone Developer";
				COPY_PHASE_STRIP = NO;
				DEBUG_INFORMATION_FORMAT = "dwarf-with-dsym";
				ENABLE_BITCODE = NO;
				ENABLE_NS_ASSERTIONS = NO;
				ENABLE_STRICT_OBJC_MSGSEND = YES;
				GCC_C_LANGUAGE_STANDARD = gnu99;
				GCC_NO_COMMON_BLOCKS = YES;
				GCC_WARN_64_TO_32_BIT_CONVERSION = YES;
				GCC_WARN_ABOUT_RETURN_TYPE = YES_ERROR;
				GCC_WARN_UNDECLARED_SELECTOR = YES;
				GCC_WARN_UNINITIALIZED_AUTOS = YES_AGGRESSIVE;
				GCC_WARN_UNUSED_FUNCTION = YES;
				GCC_WARN_UNUSED_VARIABLE = YES;
				IPHONEOS_DEPLOYMENT_TARGET = 8.4;
				MTL_ENABLE_DEBUG_INFO = NO;
				SDKROOT = iphoneos;
				VALIDATE_PRODUCT = YES;
				VALID_ARCHS = armv7;
			};
			name = Release;
		};
		83013E4A1C018E190065B5C2 /* Debug */ = {
			isa = XCBuildConfiguration;
			buildSettings = {
				ASSETCATALOG_COMPILER_APPICON_NAME = AppIcon;
				CODE_SIGN_IDENTITY = "iPhone Developer: Zhiyang Zhang (K7LJHX8EVS)";
				"CODE_SIGN_IDENTITY[sdk=iphoneos*]" = "iPhone Developer";
				ENABLE_BITCODE = NO;
				FRAMEWORK_SEARCH_PATHS = (
					"$(inherited)",
					"$(PROJECT_DIR)/dji/Framework/Mamap",
					"$(PROJECT_DIR)/dji/Framework/WechatShare",
					"$(PROJECT_DIR)/dji/Framework/Sms",
				);
				INFOPLIST_FILE = dji/Info.plist;
				IPHONEOS_DEPLOYMENT_TARGET = 9.1;
				LD_RUNPATH_SEARCH_PATHS = "$(inherited) @executable_path/Frameworks";
				LIBRARY_SEARCH_PATHS = (
					"$(inherited)",
					"$(PROJECT_DIR)/dji/Framework/Mamap",
					"$(PROJECT_DIR)/dji/Framework/WechatShare",
					"$(PROJECT_DIR)/dji/Framework/JPush",
					"$(PROJECT_DIR)/dji/Framework/RTSP",
				);
				ONLY_ACTIVE_ARCH = NO;
				OTHER_LDFLAGS = "-ObjC";
				PRODUCT_BUNDLE_IDENTIFIER = "com.zzy.$(PRODUCT_NAME:rfc1034identifier)";
				PRODUCT_NAME = "$(TARGET_NAME)";
				PROVISIONING_PROFILE = "";
				TARGETED_DEVICE_FAMILY = "1,2";
				VALID_ARCHS = armv7;
			};
			name = Debug;
		};
		83013E4B1C018E190065B5C2 /* Release */ = {
			isa = XCBuildConfiguration;
			buildSettings = {
				ASSETCATALOG_COMPILER_APPICON_NAME = AppIcon;
				CODE_SIGN_IDENTITY = "iPhone Developer: Zhiyang Zhang (K7LJHX8EVS)";
				"CODE_SIGN_IDENTITY[sdk=iphoneos*]" = "iPhone Developer";
				ENABLE_BITCODE = NO;
				FRAMEWORK_SEARCH_PATHS = (
					"$(inherited)",
					"$(PROJECT_DIR)/dji/Framework/Mamap",
					"$(PROJECT_DIR)/dji/Framework/WechatShare",
					"$(PROJECT_DIR)/dji/Framework/Sms",
				);
				INFOPLIST_FILE = dji/Info.plist;
				IPHONEOS_DEPLOYMENT_TARGET = 9.1;
				LD_RUNPATH_SEARCH_PATHS = "$(inherited) @executable_path/Frameworks";
				LIBRARY_SEARCH_PATHS = (
					"$(inherited)",
					"$(PROJECT_DIR)/dji/Framework/Mamap",
					"$(PROJECT_DIR)/dji/Framework/WechatShare",
					"$(PROJECT_DIR)/dji/Framework/JPush",
					"$(PROJECT_DIR)/dji/Framework/RTSP",
				);
				ONLY_ACTIVE_ARCH = NO;
				OTHER_LDFLAGS = "-ObjC";
				PRODUCT_BUNDLE_IDENTIFIER = "com.zzy.$(PRODUCT_NAME:rfc1034identifier)";
				PRODUCT_NAME = "$(TARGET_NAME)";
				PROVISIONING_PROFILE = "";
				TARGETED_DEVICE_FAMILY = "1,2";
				VALID_ARCHS = armv7;
			};
			name = Release;
		};
		83013E4D1C018E190065B5C2 /* Debug */ = {
			isa = XCBuildConfiguration;
			buildSettings = {
				BUNDLE_LOADER = "$(TEST_HOST)";
				FRAMEWORK_SEARCH_PATHS = (
					"$(SDKROOT)/Developer/Library/Frameworks",
					"$(inherited)",
				);
				GCC_PREPROCESSOR_DEFINITIONS = (
					"DEBUG=1",
					"$(inherited)",
				);
				INFOPLIST_FILE = djiTests/Info.plist;
				LD_RUNPATH_SEARCH_PATHS = "$(inherited) @executable_path/Frameworks @loader_path/Frameworks";
				PRODUCT_BUNDLE_IDENTIFIER = "com.zzy.$(PRODUCT_NAME:rfc1034identifier)";
				PRODUCT_NAME = "$(TARGET_NAME)";
				TEST_HOST = "$(BUILT_PRODUCTS_DIR)/dji.app/dji";
				VALID_ARCHS = armv7;
			};
			name = Debug;
		};
		83013E4E1C018E190065B5C2 /* Release */ = {
			isa = XCBuildConfiguration;
			buildSettings = {
				BUNDLE_LOADER = "$(TEST_HOST)";
				FRAMEWORK_SEARCH_PATHS = (
					"$(SDKROOT)/Developer/Library/Frameworks",
					"$(inherited)",
				);
				INFOPLIST_FILE = djiTests/Info.plist;
				LD_RUNPATH_SEARCH_PATHS = "$(inherited) @executable_path/Frameworks @loader_path/Frameworks";
				PRODUCT_BUNDLE_IDENTIFIER = "com.zzy.$(PRODUCT_NAME:rfc1034identifier)";
				PRODUCT_NAME = "$(TARGET_NAME)";
				TEST_HOST = "$(BUILT_PRODUCTS_DIR)/dji.app/dji";
				VALID_ARCHS = armv7;
			};
			name = Release;
		};
/* End XCBuildConfiguration section */

/* Begin XCConfigurationList section */
		83013E211C018E190065B5C2 /* Build configuration list for PBXProject "dji" */ = {
			isa = XCConfigurationList;
			buildConfigurations = (
				83013E471C018E190065B5C2 /* Debug */,
				83013E481C018E190065B5C2 /* Release */,
			);
			defaultConfigurationIsVisible = 0;
			defaultConfigurationName = Release;
		};
		83013E491C018E190065B5C2 /* Build configuration list for PBXNativeTarget "dji" */ = {
			isa = XCConfigurationList;
			buildConfigurations = (
				83013E4A1C018E190065B5C2 /* Debug */,
				83013E4B1C018E190065B5C2 /* Release */,
			);
			defaultConfigurationIsVisible = 0;
			defaultConfigurationName = Release;
		};
		83013E4C1C018E190065B5C2 /* Build configuration list for PBXNativeTarget "djiTests" */ = {
			isa = XCConfigurationList;
			buildConfigurations = (
				83013E4D1C018E190065B5C2 /* Debug */,
				83013E4E1C018E190065B5C2 /* Release */,
			);
			defaultConfigurationIsVisible = 0;
			defaultConfigurationName = Release;
		};
/* End XCConfigurationList section */
	};
	rootObject = 83013E1E1C018E190065B5C2 /* Project object */;
}
